// !$*UTF8*$!
{
	archiveVersion = 1;
	classes = {
	};
	objectVersion = 50;
	objects = {

/* Begin PBXBuildFile section */
		3425534726C08E2D004BAE1F /* VideoLibraryApp.swift in Sources */ = {isa = PBXBuildFile; fileRef = 3425534626C08E2D004BAE1F /* VideoLibraryApp.swift */; };
		3425534926C08E2D004BAE1F /* HomeView.swift in Sources */ = {isa = PBXBuildFile; fileRef = 3425534826C08E2D004BAE1F /* HomeView.swift */; };
		3425534B26C08E2F004BAE1F /* Assets.xcassets in Resources */ = {isa = PBXBuildFile; fileRef = 3425534A26C08E2F004BAE1F /* Assets.xcassets */; };
		3425534E26C08E2F004BAE1F /* Preview Assets.xcassets in Resources */ = {isa = PBXBuildFile; fileRef = 3425534D26C08E2F004BAE1F /* Preview Assets.xcassets */; };
		3425535A26C08F6C004BAE1F /* VideoPageView.swift in Sources */ = {isa = PBXBuildFile; fileRef = 3425535926C08F6C004BAE1F /* VideoPageView.swift */; };
		3425535C26C093A3004BAE1F /* Video.swift in Sources */ = {isa = PBXBuildFile; fileRef = 3425535B26C093A3004BAE1F /* Video.swift */; };
		3425535E26C0941D004BAE1F /* VideoModel.swift in Sources */ = {isa = PBXBuildFile; fileRef = 3425535D26C0941D004BAE1F /* VideoModel.swift */; };
/* End PBXBuildFile section */

/* Begin PBXFileReference section */
		3425534326C08E2D004BAE1F /* VideoLibrary.app */ = {isa = PBXFileReference; explicitFileType = wrapper.application; includeInIndex = 0; path = VideoLibrary.app; sourceTree = BUILT_PRODUCTS_DIR; };
		3425534626C08E2D004BAE1F /* VideoLibraryApp.swift */ = {isa = PBXFileReference; lastKnownFileType = sourcecode.swift; path = VideoLibraryApp.swift; sourceTree = "<group>"; };
		3425534826C08E2D004BAE1F /* HomeView.swift */ = {isa = PBXFileReference; lastKnownFileType = sourcecode.swift; path = HomeView.swift; sourceTree = "<group>"; };
		3425534A26C08E2F004BAE1F /* Assets.xcassets */ = {isa = PBXFileReference; lastKnownFileType = folder.assetcatalog; path = Assets.xcassets; sourceTree = "<group>"; };
		3425534D26C08E2F004BAE1F /* Preview Assets.xcassets */ = {isa = PBXFileReference; lastKnownFileType = folder.assetcatalog; path = "Preview Assets.xcassets"; sourceTree = "<group>"; };
		3425534F26C08E2F004BAE1F /* Info.plist */ = {isa = PBXFileReference; lastKnownFileType = text.plist.xml; path = Info.plist; sourceTree = "<group>"; };
		3425535926C08F6C004BAE1F /* VideoPageView.swift */ = {isa = PBXFileReference; lastKnownFileType = sourcecode.swift; path = VideoPageView.swift; sourceTree = "<group>"; };
		3425535B26C093A3004BAE1F /* Video.swift */ = {isa = PBXFileReference; lastKnownFileType = sourcecode.swift; path = Video.swift; sourceTree = "<group>"; };
		3425535D26C0941D004BAE1F /* VideoModel.swift */ = {isa = PBXFileReference; lastKnownFileType = sourcecode.swift; path = VideoModel.swift; sourceTree = "<group>"; };
/* End PBXFileReference section */

/* Begin PBXFrameworksBuildPhase section */
		3425534026C08E2D004BAE1F /* Frameworks */ = {
			isa = PBXFrameworksBuildPhase;
			buildActionMask = 2147483647;
			files = (
			);
			runOnlyForDeploymentPostprocessing = 0;
		};
/* End PBXFrameworksBuildPhase section */

/* Begin PBXGroup section */
		3425533A26C08E2D004BAE1F = {
			isa = PBXGroup;
			children = (
				3425534526C08E2D004BAE1F /* VideoLibrary */,
				3425534426C08E2D004BAE1F /* Products */,
			);
			sourceTree = "<group>";
		};
		3425534426C08E2D004BAE1F /* Products */ = {
			isa = PBXGroup;
			children = (
				3425534326C08E2D004BAE1F /* VideoLibrary.app */,
			);
			name = Products;
			sourceTree = "<group>";
		};
		3425534526C08E2D004BAE1F /* VideoLibrary */ = {
			isa = PBXGroup;
			children = (
				3425534626C08E2D004BAE1F /* VideoLibraryApp.swift */,
				3425535726C08ED6004BAE1F /* Views */,
				3425535626C08ECE004BAE1F /* ViewModels */,
				3425535526C08EC4004BAE1F /* Models */,
				3425535826C08EF4004BAE1F /* Services */,
				3425534A26C08E2F004BAE1F /* Assets.xcassets */,
				3425534F26C08E2F004BAE1F /* Info.plist */,
				3425534C26C08E2F004BAE1F /* Preview Content */,
			);
			path = VideoLibrary;
			sourceTree = "<group>";
		};
		3425534C26C08E2F004BAE1F /* Preview Content */ = {
			isa = PBXGroup;
			children = (
				3425534D26C08E2F004BAE1F /* Preview Assets.xcassets */,
			);
			path = "Preview Content";
			sourceTree = "<group>";
		};
		3425535526C08EC4004BAE1F /* Models */ = {
			isa = PBXGroup;
			children = (
				3425535B26C093A3004BAE1F /* Video.swift */,
			);
			path = Models;
			sourceTree = "<group>";
		};
		3425535626C08ECE004BAE1F /* ViewModels */ = {
			isa = PBXGroup;
			children = (
				3425535D26C0941D004BAE1F /* VideoModel.swift */,
			);
			path = ViewModels;
			sourceTree = "<group>";
		};
		3425535726C08ED6004BAE1F /* Views */ = {
			isa = PBXGroup;
			children = (
				3425534826C08E2D004BAE1F /* HomeView.swift */,
				3425535926C08F6C004BAE1F /* VideoPageView.swift */,
			);
			path = Views;
			sourceTree = "<group>";
		};
		3425535826C08EF4004BAE1F /* Services */ = {
			isa = PBXGroup;
			children = (
			);
			path = Services;
			sourceTree = "<group>";
		};
/* End PBXGroup section */

/* Begin PBXNativeTarget section */
		3425534226C08E2D004BAE1F /* VideoLibrary */ = {
			isa = PBXNativeTarget;
			buildConfigurationList = 3425535226C08E2F004BAE1F /* Build configuration list for PBXNativeTarget "VideoLibrary" */;
			buildPhases = (
				3425533F26C08E2D004BAE1F /* Sources */,
				3425534026C08E2D004BAE1F /* Frameworks */,
				3425534126C08E2D004BAE1F /* Resources */,
			);
			buildRules = (
			);
			dependencies = (
			);
			name = VideoLibrary;
			productName = VideoLibrary;
			productReference = 3425534326C08E2D004BAE1F /* VideoLibrary.app */;
			productType = "com.apple.product-type.application";
		};
/* End PBXNativeTarget section */

/* Begin PBXProject section */
		3425533B26C08E2D004BAE1F /* Project object */ = {
			isa = PBXProject;
			attributes = {
				LastSwiftUpdateCheck = 1250;
				LastUpgradeCheck = 1250;
				TargetAttributes = {
					3425534226C08E2D004BAE1F = {
						CreatedOnToolsVersion = 12.5.1;
					};
				};
			};
			buildConfigurationList = 3425533E26C08E2D004BAE1F /* Build configuration list for PBXProject "VideoLibrary" */;
			compatibilityVersion = "Xcode 9.3";
			developmentRegion = en;
			hasScannedForEncodings = 0;
			knownRegions = (
				en,
				Base,
			);
			mainGroup = 3425533A26C08E2D004BAE1F;
			productRefGroup = 3425534426C08E2D004BAE1F /* Products */;
			projectDirPath = "";
			projectRoot = "";
			targets = (
				3425534226C08E2D004BAE1F /* VideoLibrary */,
			);
		};
/* End PBXProject section */

/* Begin PBXResourcesBuildPhase section */
		3425534126C08E2D004BAE1F /* Resources */ = {
			isa = PBXResourcesBuildPhase;
			buildActionMask = 2147483647;
			files = (
				3425534E26C08E2F004BAE1F /* Preview Assets.xcassets in Resources */,
				3425534B26C08E2F004BAE1F /* Assets.xcassets in Resources */,
			);
			runOnlyForDeploymentPostprocessing = 0;
		};
/* End PBXResourcesBuildPhase section */

/* Begin PBXSourcesBuildPhase section */
		3425533F26C08E2D004BAE1F /* Sources */ = {
			isa = PBXSourcesBuildPhase;
			buildActionMask = 2147483647;
			files = (
				3425534926C08E2D004BAE1F /* HomeView.swift in Sources */,
				3425535C26C093A3004BAE1F /* Video.swift in Sources */,
				3425535A26C08F6C004BAE1F /* VideoPageView.swift in Sources */,
				3425535E26C0941D004BAE1F /* VideoModel.swift in Sources */,
				3425534726C08E2D004BAE1F /* VideoLibraryApp.swift in Sources */,
			);
			runOnlyForDeploymentPostprocessing = 0;
		};
/* End PBXSourcesBuildPhase section */

/* Begin XCBuildConfiguration section */
		3425535026C08E2F004BAE1F /* Debug */ = {
			isa = XCBuildConfiguration;
			buildSettings = {
				ALWAYS_SEARCH_USER_PATHS = NO;
				CLANG_ANALYZER_NONNULL = YES;
				CLANG_ANALYZER_NUMBER_OBJECT_CONVERSION = YES_AGGRESSIVE;
				CLANG_CXX_LANGUAGE_STANDARD = "gnu++14";
				CLANG_CXX_LIBRARY = "libc++";
				CLANG_ENABLE_MODULES = YES;
				CLANG_ENABLE_OBJC_ARC = YES;
				CLANG_ENABLE_OBJC_WEAK = YES;
				CLANG_WARN_BLOCK_CAPTURE_AUTORELEASING = YES;
				CLANG_WARN_BOOL_CONVERSION = YES;
				CLANG_WARN_COMMA = YES;
				CLANG_WARN_CONSTANT_CONVERSION = YES;
				CLANG_WARN_DEPRECATED_OBJC_IMPLEMENTATIONS = YES;
				CLANG_WARN_DIRECT_OBJC_ISA_USAGE = YES_ERROR;
				CLANG_WARN_DOCUMENTATION_COMMENTS = YES;
				CLANG_WARN_EMPTY_BODY = YES;
				CLANG_WARN_ENUM_CONVERSION = YES;
				CLANG_WARN_INFINITE_RECURSION = YES;
				CLANG_WARN_INT_CONVERSION = YES;
				CLANG_WARN_NON_LITERAL_NULL_CONVERSION = YES;
				CLANG_WARN_OBJC_IMPLICIT_RETAIN_SELF = YES;
				CLANG_WARN_OBJC_LITERAL_CONVERSION = YES;
				CLANG_WARN_OBJC_ROOT_CLASS = YES_ERROR;
				CLANG_WARN_QUOTED_INCLUDE_IN_FRAMEWORK_HEADER = YES;
				CLANG_WARN_RANGE_LOOP_ANALYSIS = YES;
				CLANG_WARN_STRICT_PROTOTYPES = YES;
				CLANG_WARN_SUSPICIOUS_MOVE = YES;
				CLANG_WARN_UNGUARDED_AVAILABILITY = YES_AGGRESSIVE;
				CLANG_WARN_UNREACHABLE_CODE = YES;
				CLANG_WARN__DUPLICATE_METHOD_MATCH = YES;
				COPY_PHASE_STRIP = NO;
				DEBUG_INFORMATION_FORMAT = dwarf;
				ENABLE_STRICT_OBJC_MSGSEND = YES;
				ENABLE_TESTABILITY = YES;
				GCC_C_LANGUAGE_STANDARD = gnu11;
				GCC_DYNAMIC_NO_PIC = NO;
				GCC_NO_COMMON_BLOCKS = YES;
				GCC_OPTIMIZATION_LEVEL = 0;
				GCC_PREPROCESSOR_DEFINITIONS = (
					"DEBUG=1",
					"$(inherited)",
				);
				GCC_WARN_64_TO_32_BIT_CONVERSION = YES;
				GCC_WARN_ABOUT_RETURN_TYPE = YES_ERROR;
				GCC_WARN_UNDECLARED_SELECTOR = YES;
				GCC_WARN_UNINITIALIZED_AUTOS = YES_AGGRESSIVE;
				GCC_WARN_UNUSED_FUNCTION = YES;
				GCC_WARN_UNUSED_VARIABLE = YES;
				IPHONEOS_DEPLOYMENT_TARGET = 14.5;
				MTL_ENABLE_DEBUG_INFO = INCLUDE_SOURCE;
				MTL_FAST_MATH = YES;
				ONLY_ACTIVE_ARCH = YES;
				SDKROOT = iphoneos;
				SWIFT_ACTIVE_COMPILATION_CONDITIONS = DEBUG;
				SWIFT_OPTIMIZATION_LEVEL = "-Onone";
			};
			name = Debug;
		};
		3425535126C08E2F004BAE1F /* Release */ = {
			isa = XCBuildConfiguration;
			buildSettings = {
				ALWAYS_SEARCH_USER_PATHS = NO;
				CLANG_ANALYZER_NONNULL = YES;
				CLANG_ANALYZER_NUMBER_OBJECT_CONVERSION = YES_AGGRESSIVE;
				CLANG_CXX_LANGUAGE_STANDARD = "gnu++14";
				CLANG_CXX_LIBRARY = "libc++";
				CLANG_ENABLE_MODULES = YES;
				CLANG_ENABLE_OBJC_ARC = YES;
				CLANG_ENABLE_OBJC_WEAK = YES;
				CLANG_WARN_BLOCK_CAPTURE_AUTORELEASING = YES;
				CLANG_WARN_BOOL_CONVERSION = YES;
				CLANG_WARN_COMMA = YES;
				CLANG_WARN_CONSTANT_CONVERSION = YES;
				CLANG_WARN_DEPRECATED_OBJC_IMPLEMENTATIONS = YES;
				CLANG_WARN_DIRECT_OBJC_ISA_USAGE = YES_ERROR;
				CLANG_WARN_DOCUMENTATION_COMMENTS = YES;
				CLANG_WARN_EMPTY_BODY = YES;
				CLANG_WARN_ENUM_CONVERSION = YES;
				CLANG_WARN_INFINITE_RECURSION = YES;
				CLANG_WARN_INT_CONVERSION = YES;
				CLANG_WARN_NON_LITERAL_NULL_CONVERSION = YES;
				CLANG_WARN_OBJC_IMPLICIT_RETAIN_SELF = YES;
				CLANG_WARN_OBJC_LITERAL_CONVERSION = YES;
				CLANG_WARN_OBJC_ROOT_CLASS = YES_ERROR;
				CLANG_WARN_QUOTED_INCLUDE_IN_FRAMEWORK_HEADER = YES;
				CLANG_WARN_RANGE_LOOP_ANALYSIS = YES;
				CLANG_WARN_STRICT_PROTOTYPES = YES;
				CLANG_WARN_SUSPICIOUS_MOVE = YES;
				CLANG_WARN_UNGUARDED_AVAILABILITY = YES_AGGRESSIVE;
				CLANG_WARN_UNREACHABLE_CODE = YES;
				CLANG_WARN__DUPLICATE_METHOD_MATCH = YES;
				COPY_PHASE_STRIP = NO;
				DEBUG_INFORMATION_FORMAT = "dwarf-with-dsym";
				ENABLE_NS_ASSERTIONS = NO;
				ENABLE_STRICT_OBJC_MSGSEND = YES;
				GCC_C_LANGUAGE_STANDARD = gnu11;
				GCC_NO_COMMON_BLOCKS = YES;
				GCC_WARN_64_TO_32_BIT_CONVERSION = YES;
				GCC_WARN_ABOUT_RETURN_TYPE = YES_ERROR;
				GCC_WARN_UNDECLARED_SELECTOR = YES;
				GCC_WARN_UNINITIALIZED_AUTOS = YES_AGGRESSIVE;
				GCC_WARN_UNUSED_FUNCTION = YES;
				GCC_WARN_UNUSED_VARIABLE = YES;
				IPHONEOS_DEPLOYMENT_TARGET = 14.5;
				MTL_ENABLE_DEBUG_INFO = NO;
				MTL_FAST_MATH = YES;
				SDKROOT = iphoneos;
				SWIFT_COMPILATION_MODE = wholemodule;
				SWIFT_OPTIMIZATION_LEVEL = "-O";
				VALIDATE_PRODUCT = YES;
			};
			name = Release;
		};
		3425535326C08E2F004BAE1F /* Debug */ = {
			isa = XCBuildConfiguration;
			buildSettings = {
				ASSETCATALOG_COMPILER_APPICON_NAME = AppIcon;
				ASSETCATALOG_COMPILER_GLOBAL_ACCENT_COLOR_NAME = AccentColor;
				CODE_SIGN_STYLE = Automatic;
				DEVELOPMENT_ASSET_PATHS = "\"VideoLibrary/Preview Content\"";
				DEVELOPMENT_TEAM = 3RD7S6RWS8;
				ENABLE_PREVIEWS = YES;
				INFOPLIST_FILE = VideoLibrary/Info.plist;
				IPHONEOS_DEPLOYMENT_TARGET = 14.0;
				LD_RUNPATH_SEARCH_PATHS = (
					"$(inherited)",
					"@executable_path/Frameworks",
				);
				PRODUCT_BUNDLE_IDENTIFIER = "Hurricane-Software.VideoLibrary";
				PRODUCT_NAME = "$(TARGET_NAME)";
				SWIFT_VERSION = 5.0;
				TARGETED_DEVICE_FAMILY = "1,2";
			};
			name = Debug;
		};
		3425535426C08E2F004BAE1F /* Release */ = {
			isa = XCBuildConfiguration;
			buildSettings = {
				ASSETCATALOG_COMPILER_APPICON_NAME = AppIcon;
				ASSETCATALOG_COMPILER_GLOBAL_ACCENT_COLOR_NAME = AccentColor;
				CODE_SIGN_STYLE = Automatic;
				DEVELOPMENT_ASSET_PATHS = "\"VideoLibrary/Preview Content\"";
				DEVELOPMENT_TEAM = 3RD7S6RWS8;
				ENABLE_PREVIEWS = YES;
				INFOPLIST_FILE = VideoLibrary/Info.plist;
				IPHONEOS_DEPLOYMENT_TARGET = 14.0;
				LD_RUNPATH_SEARCH_PATHS = (
					"$(inherited)",
					"@executable_path/Frameworks",
				);
				PRODUCT_BUNDLE_IDENTIFIER = "Hurricane-Software.VideoLibrary";
				PRODUCT_NAME = "$(TARGET_NAME)";
				SWIFT_VERSION = 5.0;
				TARGETED_DEVICE_FAMILY = "1,2";
			};
			name = Release;
		};
/* End XCBuildConfiguration section */

/* Begin XCConfigurationList section */
		3425533E26C08E2D004BAE1F /* Build configuration list for PBXProject "VideoLibrary" */ = {
			isa = XCConfigurationList;
			buildConfigurations = (
				3425535026C08E2F004BAE1F /* Debug */,
				3425535126C08E2F004BAE1F /* Release */,
			);
			defaultConfigurationIsVisible = 0;
			defaultConfigurationName = Release;
		};
		3425535226C08E2F004BAE1F /* Build configuration list for PBXNativeTarget "VideoLibrary" */ = {
			isa = XCConfigurationList;
			buildConfigurations = (
				3425535326C08E2F004BAE1F /* Debug */,
				3425535426C08E2F004BAE1F /* Release */,
			);
			defaultConfigurationIsVisible = 0;
			defaultConfigurationName = Release;
		};
/* End XCConfigurationList section */
	};
	rootObject = 3425533B26C08E2D004BAE1F /* Project object */;
}
